
Microsoft Visual Studio Solution File, Format Version 12.00
# Visual Studio Version 16
VisualStudioVersion = 16.0.31129.286
MinimumVisualStudioVersion = 10.0.40219.1
Project("{FAE04EC0-301F-11D3-BF4B-00C04F79EFBC}") = "steeltoe-practice", "steeltoe-practice\steeltoe-practice.csproj", "{48AEC1DA-BA66-4A78-98B7-6D051ECA6F95}"
EndProject
Global
	GlobalSection(SolutionConfigurationPlatforms) = preSolution
		Debug|Any CPU = Debug|Any CPU
		Release|Any CPU = Release|Any CPU
	EndGlobalSection
	GlobalSection(ProjectConfigurationPlatforms) = postSolution
		{48AEC1DA-BA66-4A78-98B7-6D051ECA6F95}.Debug|Any CPU.ActiveCfg = Debug|Any CPU
		{48AEC1DA-BA66-4A78-98B7-6D051ECA6F95}.Debug|Any CPU.Build.0 = Debug|Any CPU
		{48AEC1DA-BA66-4A78-98B7-6D051ECA6F95}.Release|Any CPU.ActiveCfg = Release|Any CPU
		{48AEC1DA-BA66-4A78-98B7-6D051ECA6F95}.Release|Any CPU.Build.0 = Release|Any CPU
	EndGlobalSection
	GlobalSection(SolutionProperties) = preSolution
		HideSolutionNode = FALSE
	EndGlobalSection
	GlobalSection(ExtensibilityGlobals) = postSolution
		SolutionGuid = {A67D57D3-6840-42B6-BC1F-8200F04B1F75}
	EndGlobalSection
EndGlobal
